
Microsoft Visual Studio Solution File, Format Version 12.00
# Visual Studio Version 16
VisualStudioVersion = 16.0.30804.86
MinimumVisualStudioVersion = 10.0.40219.1
Project("{FAE04EC0-301F-11D3-BF4B-00C04F79EFBC}") = "ImageShareLikesEF.Web", "ImageShareLikesEF.Web\ImageShareLikesEF.Web.csproj", "{260DBABB-996C-47BB-9BC3-E2D335649FED}"
EndProject
Project("{FAE04EC0-301F-11D3-BF4B-00C04F79EFBC}") = "ImageShareLikesEF.Data", "ImageShareLikesEF.Data\ImageShareLikesEF.Data.csproj", "{EBCB8183-6DC7-4D8E-AB5F-EECBFC70B613}"
EndProject
Global
	GlobalSection(SolutionConfigurationPlatforms) = preSolution
		Debug|Any CPU = Debug|Any CPU
		Release|Any CPU = Release|Any CPU
	EndGlobalSection
	GlobalSection(ProjectConfigurationPlatforms) = postSolution
		{260DBABB-996C-47BB-9BC3-E2D335649FED}.Debug|Any CPU.ActiveCfg = Debug|Any CPU
		{260DBABB-996C-47BB-9BC3-E2D335649FED}.Debug|Any CPU.Build.0 = Debug|Any CPU
		{260DBABB-996C-47BB-9BC3-E2D335649FED}.Release|Any CPU.ActiveCfg = Release|Any CPU
		{260DBABB-996C-47BB-9BC3-E2D335649FED}.Release|Any CPU.Build.0 = Release|Any CPU
		{EBCB8183-6DC7-4D8E-AB5F-EECBFC70B613}.Debug|Any CPU.ActiveCfg = Debug|Any CPU
		{EBCB8183-6DC7-4D8E-AB5F-EECBFC70B613}.Debug|Any CPU.Build.0 = Debug|Any CPU
		{EBCB8183-6DC7-4D8E-AB5F-EECBFC70B613}.Release|Any CPU.ActiveCfg = Release|Any CPU
		{EBCB8183-6DC7-4D8E-AB5F-EECBFC70B613}.Release|Any CPU.Build.0 = Release|Any CPU
	EndGlobalSection
	GlobalSection(SolutionProperties) = preSolution
		HideSolutionNode = FALSE
	EndGlobalSection
	GlobalSection(ExtensibilityGlobals) = postSolution
		SolutionGuid = {0BB8EFFC-BE7C-4D85-85D2-F5DFBA3ADECD}
	EndGlobalSection
EndGlobal
